{
    "_meta": {
        "hash": {
            "sha256": "b40e395243503b6ffc6e5737a6e912362e9a7a99890ec2b0cf86dea886e3c3e9"
        },
        "pipfile-spec": 6,
        "requires": {
            "python_version": "3.10"
        },
        "sources": [
            {
                "name": "pypi",
                "url": "https://pypi.org/simple",
                "verify_ssl": true
            }
        ]
    },
    "default": {
        "absl-py": {
            "hashes": [
                "sha256:afe94e3c751ff81aad55d33ab6e630390da32780110b5af72ae81ecff8418d9e",
                "sha256:b44f68984a5ceb2607d135a615999b93924c771238a63920d17d3387b0d229d5"
            ],
            "version": "==0.12.0"
        },
        "attrs": {
            "hashes": [
                "sha256:149e90d6d8ac20db7a955ad60cf0e6881a3f20d37096140088356da6c716b0b1",
                "sha256:ef6aaac3ca6cd92904cdd0d83f629a15f18053ec84e6432106f7a4d04ae4f5fb"
            ],
            "markers": "python_version >= '2.7' and python_version not in '3.0, 3.1, 3.2, 3.3, 3.4'",
            "version": "==21.2.0"
        },
        "blessings": {
            "hashes": [
                "sha256:98e5854d805f50a5b58ac2333411b0482516a8210f23f43308baeb58d77c157d",
                "sha256:b1fdd7e7a675295630f9ae71527a8ebc10bfefa236b3d6aa4932ee4462c17ba3",
                "sha256:caad5211e7ba5afe04367cdd4cfc68fa886e2e08f6f35e76b7387d2109ccea6e"
            ],
            "markers": "python_version >= '2.7' and python_version not in '3.0, 3.1, 3.2, 3.3'",
            "version": "==1.7"
        },
        "certifi": {
            "hashes": [
                "sha256:78884e7c1d4b00ce3cea67b44566851c4343c120abd683433ce934a68ea58872",
                "sha256:d62a0163eb4c2344ac042ab2bdf75399a71a2d8c7d47eac2e2ee91b9d6339569"
            ],
            "version": "==2021.10.8"
        },
        "charset-normalizer": {
            "hashes": [
                "sha256:e019de665e2bcf9c2b64e2e5aa025fa991da8720daa3c1138cadd2fd1856aed0",
                "sha256:f7af805c321bfa1ce6714c51f254e0d5bb5e5834039bc17db7ebe3a4cec9492b"
            ],
            "markers": "python_version >= '3'",
            "version": "==2.0.7"
        },
        "dill": {
            "hashes": [
                "sha256:7e40e4a70304fd9ceab3535d36e58791d9c4a776b38ec7f7ec9afc8d3dca4d4f",
                "sha256:9f9734205146b2b353ab3fec9af0070237b6ddae78452af83d2fca84d739e675"
            ],
            "markers": "python_version >= '2.7' and python_version != '3.0'",
            "version": "==0.3.4"
        },
        "future": {
            "hashes": [
                "sha256:b1bead90b70cf6ec3f0710ae53a525360fa360d306a86583adc6bf83a4db537d"
            ],
            "markers": "python_version >= '2.6' and python_version not in '3.0, 3.1, 3.2, 3.3'",
            "version": "==0.18.2"
        },
        "googleapis-common-protos": {
            "hashes": [
                "sha256:a88ee8903aa0a81f6c3cec2d5cf62d3c8aa67c06439b0496b49048fb1854ebf4",
                "sha256:f6d561ab8fb16b30020b940e2dd01cd80082f4762fa9f3ee670f4419b4b8dbd0"
            ],
            "markers": "python_version >= '3.6'",
            "version": "==1.53.0"
        },
        "gpustat": {
            "hashes": [
                "sha256:f69135080b2668b662822633312c2180002c10111597af9631bb02e042755b6c"
            ],
            "index": "pypi",
            "version": "==0.6.0"
        },
        "idna": {
            "hashes": [
                "sha256:84d9dd047ffa80596e0f246e2eab0b391788b0503584e8945f2368256d2735ff",
                "sha256:9d643ff0a55b762d5cdb124b8eaa99c66322e2157b69160bc32796e824360e6d"
            ],
            "markers": "python_version >= '3'",
            "version": "==3.3"
        },
        "numpy": {
            "hashes": [
                "sha256:043e83bfc274649c82a6f09836943e4a4aebe5e33656271c7dbf9621dd58b8ec",
                "sha256:160ccc1bed3a8371bf0d760971f09bfe80a3e18646620e9ded0ad159d9749baa",
                "sha256:188031f833bbb623637e66006cf75e933e00e7231f67e2b45cf8189612bb5dc3",
                "sha256:28f15209fb535dd4c504a7762d3bc440779b0e37d50ed810ced209e5cea60d96",
                "sha256:29fb3dcd0468b7715f8ce2c0c2d9bbbaf5ae686334951343a41bd8d155c6ea27",
                "sha256:2a6ee9620061b2a722749b391c0d80a0e2ae97290f1b32e28d5a362e21941ee4",
                "sha256:300321e3985c968e3ae7fbda187237b225f3ffe6528395a5b7a5407f73cf093e",
                "sha256:32437f0b275c1d09d9c3add782516413e98cd7c09e6baf4715cbce781fc29912",
                "sha256:3c09418a14471c7ae69ba682e2428cae5b4420a766659605566c0fa6987f6b7e",
                "sha256:49c6249260890e05b8111ebfc391ed58b3cb4b33e63197b2ec7f776e45330721",
                "sha256:4cc9b512e9fb590797474f58b7f6d1f1b654b3a94f4fa8558b48ca8b3cfc97cf",
                "sha256:508b0b513fa1266875524ba8a9ecc27b02ad771fe1704a16314dc1a816a68737",
                "sha256:50cd26b0cf6664cb3b3dd161ba0a09c9c1343db064e7c69f9f8b551f5104d654",
                "sha256:5c4193f70f8069550a1788bd0cd3268ab7d3a2b70583dfe3b2e7f421e9aace06",
                "sha256:5dfe9d6a4c39b8b6edd7990091fea4f852888e41919d0e6722fe78dd421db0eb",
                "sha256:63571bb7897a584ca3249c86dd01c10bcb5fe4296e3568b2e9c1a55356b6410e",
                "sha256:75621882d2230ab77fb6a03d4cbccd2038511491076e7964ef87306623aa5272",
                "sha256:75eb7cadc8da49302f5b659d40ba4f6d94d5045fbd9569c9d058e77b0514c9e4",
                "sha256:88a5d6b268e9ad18f3533e184744acdaa2e913b13148160b1152300c949bbb5f",
                "sha256:8a10968963640e75cc0193e1847616ab4c718e83b6938ae74dea44953950f6b7",
                "sha256:90bec6a86b348b4559b6482e2b684db4a9a7eed1fa054b86115a48d58fbbf62a",
                "sha256:98339aa9911853f131de11010f6dd94c8cec254d3d1f7261528c3b3e3219f139",
                "sha256:a99a6b067e5190ac6d12005a4d85aa6227c5606fa93211f86b1dafb16233e57d",
                "sha256:bffa2eee3b87376cc6b31eee36d05349571c236d1de1175b804b348dc0941e3f",
                "sha256:c6c2d535a7beb1f8790aaa98fd089ceab2e3dd7ca48aca0af7dc60e6ef93ffe1",
                "sha256:cc14e7519fab2a4ed87d31f99c31a3796e4e1fe63a86ebdd1c5a1ea78ebd5896",
                "sha256:dd0482f3fc547f1b1b5d6a8b8e08f63fdc250c58ce688dedd8851e6e26cff0f3",
                "sha256:dde972a1e11bb7b702ed0e447953e7617723760f420decb97305e66fb4afc54f",
                "sha256:e54af82d68ef8255535a6cdb353f55d6b8cf418a83e2be3569243787a4f4866f",
                "sha256:e606e6316911471c8d9b4618e082635cfe98876007556e89ce03d52ff5e8fcf0",
                "sha256:f41b018f126aac18583956c54544db437f25c7ee4794bcb23eb38bef8e5e192a",
                "sha256:f8f4625536926a155b80ad2bbff44f8cc59e9f2ad14cdda7acf4c135b4dc8ff2",
                "sha256:fe52dbe47d9deb69b05084abd4b0df7abb39a3c51957c09f635520abd49b29dd"
            ],
            "markers": "python_version < '3.11' and python_version >= '3.7'",
            "version": "==1.21.3"
        },
        "nvidia-ml-py3": {
            "hashes": [
                "sha256:390f02919ee9d73fe63a98c73101061a6b37fa694a793abf56673320f1f51277"
            ],
            "version": "==7.352.0"
        },
        "promise": {
            "hashes": [
                "sha256:dfd18337c523ba4b6a58801c164c1904a9d4d1b1747c7d5dbf45b693a49d93d0"
            ],
            "version": "==2.3"
        },
        "protobuf": {
            "hashes": [
                "sha256:01a0645ef3acddfbc90237e1cdfae1086130fc7cb480b5874656193afd657083",
                "sha256:2f6046b9e2feee0dce994493186e8715b4392ed5f50f356280ad9c2f9f93080a",
                "sha256:34a77b8fafdeb8f89fee2b7108ae60d8958d72e33478680cc1e05517892ecc46",
                "sha256:36bf292f44966c67080e535321501717f4f1eba30faef8f2cd4b0c745a027211",
                "sha256:3fea09aa04ef2f8b01fcc9bb87f19509934f8a35d177c865b8f9ee5c32b60c1b",
                "sha256:4f93e0f6af796ddd1502225ff8ea25340ced186ca05b601c44d5c88b45ba80a0",
                "sha256:6a1dc6584d24ef86f5b104bcad64fa0fe06ed36e5687f426e0445d363a041d18",
                "sha256:6f16925f5c977dd7787973a50c242e60c22b1d1182aba6bec7bd02862579c10f",
                "sha256:708d04394a63ee9bdc797938b6e15ed5bf24a1cb37743eb3886fd74a5a67a234",
                "sha256:7b3867795708ac88fde8d6f34f0d9a50af56087e41f624bdb2e9ff808ea5dda7",
                "sha256:8488c2276f14f294e890cc1260ab342a13e90cd20dcc03319d2eea258f1fd321",
                "sha256:942dd6bc8bd2a3c6a156d8ab0f80bd45313f22b78e1176283270054dcc8ca4c2",
                "sha256:9a8a880593015ef2c83f7af797fa4fbf583b2c98b4bd94e46c5b61fee319d84b",
                "sha256:a74432e9d28a6072a2359a0f49f81eb14dd718e7dbbfb6c0789b456c49e1f130",
                "sha256:ac2f8ec942d414609aba0331952ae12bb823e8f424bbb6b8c422f1cef32dc842",
                "sha256:b64be5d7270cf5e76375bac049846e8a9543a2d4368b69afe78ab725380a7487",
                "sha256:c96e94d3e523a82caa3e5f74b35dd1c4884199358d01c950d95c341255ff48bc",
                "sha256:c99af73ae34c93e0e2ace57ea2e70243f34fc015c8c23fd39ee93652e726f7e7",
                "sha256:d1f4277d321f60456845ca9b882c4845736f1f5c1c69eb778eba22a97977d8af",
                "sha256:d3861c9721a90ba83ee0936a9cfcc4fa1c4b4144ac9658fb6f6343b38558e9b4",
                "sha256:d4ca5f0c7bc8d2e6966ca3bbd85e9ebe7191b6e21f067896d4af6b28ecff29fe",
                "sha256:ee4d07d596357f51316b6ecf1cc1927660e9d5e418385bb1c51fd2496cd9bee7",
                "sha256:f7a031cf8e2fc14acc0ba694f6dff0a01e06b70d817eba6edc72ee6cc20517ac",
                "sha256:f9097327d277b0aa4a3224e61cd6850aef3269172397715299bcffc9f90293c9"
            ],
            "markers": "python_version >= '3.5'",
            "version": "==3.19.0"
        },
        "psutil": {
            "hashes": [
                "sha256:0066a82f7b1b37d334e68697faba68e5ad5e858279fd6351c8ca6024e8d6ba64",
                "sha256:02b8292609b1f7fcb34173b25e48d0da8667bc85f81d7476584d889c6e0f2131",
                "sha256:0ae6f386d8d297177fd288be6e8d1afc05966878704dad9847719650e44fc49c",
                "sha256:0c9ccb99ab76025f2f0bbecf341d4656e9c1351db8cc8a03ccd62e318ab4b5c6",
                "sha256:0dd4465a039d343925cdc29023bb6960ccf4e74a65ad53e768403746a9207023",
                "sha256:12d844996d6c2b1d3881cfa6fa201fd635971869a9da945cf6756105af73d2df",
                "sha256:1bff0d07e76114ec24ee32e7f7f8d0c4b0514b3fae93e3d2aaafd65d22502394",
                "sha256:245b5509968ac0bd179287d91210cd3f37add77dad385ef238b275bad35fa1c4",
                "sha256:28ff7c95293ae74bf1ca1a79e8805fcde005c18a122ca983abf676ea3466362b",
                "sha256:36b3b6c9e2a34b7d7fbae330a85bf72c30b1c827a4366a07443fc4b6270449e2",
                "sha256:52de075468cd394ac98c66f9ca33b2f54ae1d9bff1ef6b67a212ee8f639ec06d",
                "sha256:5da29e394bdedd9144c7331192e20c1f79283fb03b06e6abd3a8ae45ffecee65",
                "sha256:61f05864b42fedc0771d6d8e49c35f07efd209ade09a5afe6a5059e7bb7bf83d",
                "sha256:6223d07a1ae93f86451d0198a0c361032c4c93ebd4bf6d25e2fb3edfad9571ef",
                "sha256:6323d5d845c2785efb20aded4726636546b26d3b577aded22492908f7c1bdda7",
                "sha256:6ffe81843131ee0ffa02c317186ed1e759a145267d54fdef1bc4ea5f5931ab60",
                "sha256:74f2d0be88db96ada78756cb3a3e1b107ce8ab79f65aa885f76d7664e56928f6",
                "sha256:74fb2557d1430fff18ff0d72613c5ca30c45cdbfcddd6a5773e9fc1fe9364be8",
                "sha256:90d4091c2d30ddd0a03e0b97e6a33a48628469b99585e2ad6bf21f17423b112b",
                "sha256:90f31c34d25b1b3ed6c40cdd34ff122b1887a825297c017e4cbd6796dd8b672d",
                "sha256:99de3e8739258b3c3e8669cb9757c9a861b2a25ad0955f8e53ac662d66de61ac",
                "sha256:c6a5fd10ce6b6344e616cf01cc5b849fa8103fbb5ba507b6b2dee4c11e84c935",
                "sha256:ce8b867423291cb65cfc6d9c4955ee9bfc1e21fe03bb50e177f2b957f1c2469d",
                "sha256:d225cd8319aa1d3c85bf195c4e07d17d3cd68636b8fc97e6cf198f782f99af28",
                "sha256:ea313bb02e5e25224e518e4352af4bf5e062755160f77e4b1767dd5ccb65f876",
                "sha256:ea372bcc129394485824ae3e3ddabe67dc0b118d262c568b4d2602a7070afdb0",
                "sha256:f4634b033faf0d968bb9220dd1c793b897ab7f1189956e1aa9eae752527127d3",
                "sha256:fcc01e900c1d7bee2a37e5d6e4f9194760a93597c97fee89c4ae51701de03563"
            ],
            "markers": "python_version >= '2.6' and python_version not in '3.0, 3.1, 3.2, 3.3'",
            "version": "==5.8.0"
        },
        "requests": {
            "hashes": [
                "sha256:6c1246513ecd5ecd4528a0906f910e8f0f9c6b8ec72030dc9fd154dc1a6efd24",
                "sha256:b8aa58f8cf793ffd8782d3d8cb19e66ef36f7aba4353eec859e74678b01b07a7"
            ],
            "markers": "python_version >= '2.7' and python_version not in '3.0, 3.1, 3.2, 3.3, 3.4, 3.5'",
            "version": "==2.26.0"
        },
        "six": {
            "hashes": [
                "sha256:1e61c37477a1626458e36f7b1d82aa5c9b094fa4802892072e49de9c60c4c926",
                "sha256:8abb2f1d86890a2dfb989f9a77cfcfd3e47c2a354b01111771326f8aa26e0254"
            ],
            "markers": "python_version >= '2.7' and python_version not in '3.0, 3.1, 3.2, 3.3'",
            "version": "==1.16.0"
        },
        "tensorflow-datasets": {
            "hashes": [
                "sha256:3e95a61dec1fdb7b05dabc0dbed1b531e13d6c6fd362411423d0a775e5e9b960",
                "sha256:b373e7b724a357637d15f29a11bb7bef3dc62bd144defffe5fec1b8b4f6cf580"
            ],
            "index": "pypi",
            "version": "==4.4.0"
        },
        "tensorflow-metadata": {
            "hashes": [
                "sha256:551f7193a2bd08d4f70c281ad0ba95d5055043fcace754ce5b8f45699fa8d09d"
            ],
            "markers": "python_version >= '3.7' and python_version < '4'",
            "version": "==1.4.0"
        },
        "termcolor": {
            "hashes": [
                "sha256:1d6d69ce66211143803fbc56652b41d73b4a400a2891d7bf7a1cdf4c02de613b"
            ],
            "version": "==1.1.0"
        },
        "tqdm": {
            "hashes": [
                "sha256:8dd278a422499cd6b727e6ae4061c40b48fce8b76d1ccbf5d34fca9b7f925b0c",
                "sha256:d359de7217506c9851b7869f3708d8ee53ed70a1b8edbba4dbcb47442592920d"
            ],
            "markers": "python_version >= '2.7' and python_version not in '3.0, 3.1, 3.2, 3.3'",
            "version": "==4.62.3"
        },
        "urllib3": {
            "hashes": [
                "sha256:4987c65554f7a2dbf30c18fd48778ef124af6fab771a377103da0585e2336ece",
                "sha256:c4fdf4019605b6e5423637e01bc9fe4daef873709a7973e195ceba0a62bbc844"
            ],
            "markers": "python_version >= '2.7' and python_version not in '3.0, 3.1, 3.2, 3.3, 3.4' and python_version < '4'",
            "version": "==1.26.7"
        }
    },
    "develop": {}
}
